{
  "name": "gif-maker-plugin-deps",
  "lockfileVersion": 3,
  "requires": true,
  "packages": {
    "": {
      "name": "gif-maker-plugin-deps",
      "dependencies": {
        "@jsquash/jpeg": "1.6.0",
        "@jsquash/png": "3.1.1",
        "@jsquash/webp": "1.5.0",
        "bmp-js": "0.1.0",
        "omggif": "1.0.10"
      }
    },
    "node_modules/@jsquash/jpeg": {
      "version": "1.6.0",
      "resolved": "https://registry.npmjs.org/@jsquash/jpeg/-/jpeg-1.6.0.tgz",
      "integrity": "sha512-zwN46Awh1VM6gXlIcALwb5WzqK5H2e6+Awcs1QP8AvS8ohsK/sbE4esvmH4jhlhW7+CgiUUww66vg0aTnlSIMA==",
      "license": "Apache-2.0"
    },
    "node_modules/@jsquash/png": {
      "version": "3.1.1",
      "resolved": "https://registry.npmjs.org/@jsquash/png/-/png-3.1.1.tgz",
      "integrity": "sha512-C10pc+0H6j0h8fENOfnGOvkXCmvpSQTDGlfGd0sHphZhPSGTyLjIrHba0FaZZdsKqA/wlmhYicUHb92vfZphaw==",
      "license": "Apache-2.0"
    },
    "node_modules/@jsquash/webp": {
      "version": "1.5.0",
      "resolved": "https://registry.npmjs.org/@jsquash/webp/-/webp-1.5.0.tgz",
      "integrity": "sha512-KggLoj2MnRSfIqTeKe1EmbljTX2vuV7mh79k89PCL1pyqiDULcPM1L47twxXt0hkb68F70bXiL31MxsuoZtKFw==",
      "license": "Apache-2.0",
      "dependencies": {
        "wasm-feature-detect": "^1.2.11"
      }
    },
    "node_modules/bmp-js": {
      "version": "0.1.0",
      "resolved": "https://registry.npmjs.org/bmp-js/-/bmp-js-0.1.0.tgz",
      "integrity": "sha512-vHdS19CnY3hwiNdkaqk93DvjVLfbEcI8mys4UjuWrlX1haDmroo8o4xCzh4wD6DGV6HxRCyauwhHRqMTfERtjw==",
      "license": "MIT"
    },
    "node_modules/omggif": {
      "version": "1.0.10",
      "resolved": "https://registry.npmjs.org/omggif/-/omggif-1.0.10.tgz",
      "integrity": "sha512-LMJTtvgc/nugXj0Vcrrs68Mn2D1r0zf630VNtqtpI1FEO7e+O9FP4gqs9AcnBaSEeoHIPm28u6qgPR0oyEpGSw==",
      "license": "MIT"
    },
    "node_modules/wasm-feature-detect": {
      "version": "1.9.0",
      "resolved": "https://registry.npmjs.org/wasm-feature-detect/-/wasm-feature-detect-1.9.0.tgz",
      "integrity": "sha512-zonE+xlIIYtxPy++L24ow0hAD8CICb4+FgPyROd3buyXIqsJvUEDkBgfCCoXOd1Hu3DUr0GOfnPIdcGV+YpNaA==",
      "license": "Apache-2.0"
    }
  }
}
